// !$*UTF8*$!
{
	archiveVersion = 1;
	classes = {
	};
	objectVersion = 46;
	objects = {

/* Begin PBXBuildFile section */
		FF3AC5511F0BFED100420CC3 /* AppDelegate.swift in Sources */ = {isa = PBXBuildFile; fileRef = FF3AC5501F0BFED100420CC3 /* AppDelegate.swift */; };
		FF3AC5531F0BFED100420CC3 /* MasterViewController.swift in Sources */ = {isa = PBXBuildFile; fileRef = FF3AC5521F0BFED100420CC3 /* MasterViewController.swift */; };
		FF3AC5551F0BFED100420CC3 /* DetailViewController.swift in Sources */ = {isa = PBXBuildFile; fileRef = FF3AC5541F0BFED100420CC3 /* DetailViewController.swift */; };
		FF3AC5581F0BFED100420CC3 /* Main.storyboard in Resources */ = {isa = PBXBuildFile; fileRef = FF3AC5561F0BFED100420CC3 /* Main.storyboard */; };
		FF3AC55A1F0BFED100420CC3 /* Assets.xcassets in Resources */ = {isa = PBXBuildFile; fileRef = FF3AC5591F0BFED100420CC3 /* Assets.xcassets */; };
		FF3AC55D1F0BFED100420CC3 /* LaunchScreen.storyboard in Resources */ = {isa = PBXBuildFile; fileRef = FF3AC55B1F0BFED100420CC3 /* LaunchScreen.storyboard */; };
		FF3AC5681F0BFED100420CC3 /* StretchMyHeaderTests.swift in Sources */ = {isa = PBXBuildFile; fileRef = FF3AC5671F0BFED100420CC3 /* StretchMyHeaderTests.swift */; };
/* End PBXBuildFile section */

/* Begin PBXContainerItemProxy section */
		FF3AC5641F0BFED100420CC3 /* PBXContainerItemProxy */ = {
			isa = PBXContainerItemProxy;
			containerPortal = FF3AC5451F0BFED100420CC3 /* Project object */;
			proxyType = 1;
			remoteGlobalIDString = FF3AC54C1F0BFED100420CC3;
			remoteInfo = StretchMyHeader;
		};
/* End PBXContainerItemProxy section */

/* Begin PBXFileReference section */
		FF3AC54D1F0BFED100420CC3 /* StretchMyHeader.app */ = {isa = PBXFileReference; explicitFileType = wrapper.application; includeInIndex = 0; path = StretchMyHeader.app; sourceTree = BUILT_PRODUCTS_DIR; };
		FF3AC5501F0BFED100420CC3 /* AppDelegate.swift */ = {isa = PBXFileReference; lastKnownFileType = sourcecode.swift; path = AppDelegate.swift; sourceTree = "<group>"; };
		FF3AC5521F0BFED100420CC3 /* MasterViewController.swift */ = {isa = PBXFileReference; lastKnownFileType = sourcecode.swift; path = MasterViewController.swift; sourceTree = "<group>"; };
		FF3AC5541F0BFED100420CC3 /* DetailViewController.swift */ = {isa = PBXFileReference; lastKnownFileType = sourcecode.swift; path = DetailViewController.swift; sourceTree = "<group>"; };
		FF3AC5571F0BFED100420CC3 /* Base */ = {isa = PBXFileReference; lastKnownFileType = file.storyboard; name = Base; path = Base.lproj/Main.storyboard; sourceTree = "<group>"; };
		FF3AC5591F0BFED100420CC3 /* Assets.xcassets */ = {isa = PBXFileReference; lastKnownFileType = folder.assetcatalog; path = Assets.xcassets; sourceTree = "<group>"; };
		FF3AC55C1F0BFED100420CC3 /* Base */ = {isa = PBXFileReference; lastKnownFileType = file.storyboard; name = Base; path = Base.lproj/LaunchScreen.storyboard; sourceTree = "<group>"; };
		FF3AC55E1F0BFED100420CC3 /* Info.plist */ = {isa = PBXFileReference; lastKnownFileType = text.plist.xml; path = Info.plist; sourceTree = "<group>"; };
		FF3AC5631F0BFED100420CC3 /* StretchMyHeaderTests.xctest */ = {isa = PBXFileReference; explicitFileType = wrapper.cfbundle; includeInIndex = 0; path = StretchMyHeaderTests.xctest; sourceTree = BUILT_PRODUCTS_DIR; };
		FF3AC5671F0BFED100420CC3 /* StretchMyHeaderTests.swift */ = {isa = PBXFileReference; lastKnownFileType = sourcecode.swift; path = StretchMyHeaderTests.swift; sourceTree = "<group>"; };
		FF3AC5691F0BFED100420CC3 /* Info.plist */ = {isa = PBXFileReference; lastKnownFileType = text.plist.xml; path = Info.plist; sourceTree = "<group>"; };
/* End PBXFileReference section */

/* Begin PBXFrameworksBuildPhase section */
		FF3AC54A1F0BFED100420CC3 /* Frameworks */ = {
			isa = PBXFrameworksBuildPhase;
			buildActionMask = 2147483647;
			files = (
			);
			runOnlyForDeploymentPostprocessing = 0;
		};
		FF3AC5601F0BFED100420CC3 /* Frameworks */ = {
			isa = PBXFrameworksBuildPhase;
			buildActionMask = 2147483647;
			files = (
			);
			runOnlyForDeploymentPostprocessing = 0;
		};
/* End PBXFrameworksBuildPhase section */

/* Begin PBXGroup section */
		FF3AC5441F0BFED100420CC3 = {
			isa = PBXGroup;
			children = (
				FF3AC54F1F0BFED100420CC3 /* StretchMyHeader */,
				FF3AC5661F0BFED100420CC3 /* StretchMyHeaderTests */,
				FF3AC54E1F0BFED100420CC3 /* Products */,
			);
			sourceTree = "<group>";
		};
		FF3AC54E1F0BFED100420CC3 /* Products */ = {
			isa = PBXGroup;
			children = (
				FF3AC54D1F0BFED100420CC3 /* StretchMyHeader.app */,
				FF3AC5631F0BFED100420CC3 /* StretchMyHeaderTests.xctest */,
			);
			name = Products;
			sourceTree = "<group>";
		};
		FF3AC54F1F0BFED100420CC3 /* StretchMyHeader */ = {
			isa = PBXGroup;
			children = (
				FF3AC5501F0BFED100420CC3 /* AppDelegate.swift */,
				FF3AC5521F0BFED100420CC3 /* MasterViewController.swift */,
				FF3AC5541F0BFED100420CC3 /* DetailViewController.swift */,
				FF3AC5561F0BFED100420CC3 /* Main.storyboard */,
				FF3AC5591F0BFED100420CC3 /* Assets.xcassets */,
				FF3AC55B1F0BFED100420CC3 /* LaunchScreen.storyboard */,
				FF3AC55E1F0BFED100420CC3 /* Info.plist */,
			);
			path = StretchMyHeader;
			sourceTree = "<group>";
		};
		FF3AC5661F0BFED100420CC3 /* StretchMyHeaderTests */ = {
			isa = PBXGroup;
			children = (
				FF3AC5671F0BFED100420CC3 /* StretchMyHeaderTests.swift */,
				FF3AC5691F0BFED100420CC3 /* Info.plist */,
			);
			path = StretchMyHeaderTests;
			sourceTree = "<group>";
		};
/* End PBXGroup section */

/* Begin PBXNativeTarget section */
		FF3AC54C1F0BFED100420CC3 /* StretchMyHeader */ = {
			isa = PBXNativeTarget;
			buildConfigurationList = FF3AC56C1F0BFED100420CC3 /* Build configuration list for PBXNativeTarget "StretchMyHeader" */;
			buildPhases = (
				FF3AC5491F0BFED100420CC3 /* Sources */,
				FF3AC54A1F0BFED100420CC3 /* Frameworks */,
				FF3AC54B1F0BFED100420CC3 /* Resources */,
			);
			buildRules = (
			);
			dependencies = (
			);
			name = StretchMyHeader;
			productName = StretchMyHeader;
			productReference = FF3AC54D1F0BFED100420CC3 /* StretchMyHeader.app */;
			productType = "com.apple.product-type.application";
		};
		FF3AC5621F0BFED100420CC3 /* StretchMyHeaderTests */ = {
			isa = PBXNativeTarget;
			buildConfigurationList = FF3AC56F1F0BFED100420CC3 /* Build configuration list for PBXNativeTarget "StretchMyHeaderTests" */;
			buildPhases = (
				FF3AC55F1F0BFED100420CC3 /* Sources */,
				FF3AC5601F0BFED100420CC3 /* Frameworks */,
				FF3AC5611F0BFED100420CC3 /* Resources */,
			);
			buildRules = (
			);
			dependencies = (
				FF3AC5651F0BFED100420CC3 /* PBXTargetDependency */,
			);
			name = StretchMyHeaderTests;
			productName = StretchMyHeaderTests;
			productReference = FF3AC5631F0BFED100420CC3 /* StretchMyHeaderTests.xctest */;
			productType = "com.apple.product-type.bundle.unit-test";
		};
/* End PBXNativeTarget section */

/* Begin PBXProject section */
		FF3AC5451F0BFED100420CC3 /* Project object */ = {
			isa = PBXProject;
			attributes = {
				LastSwiftUpdateCheck = 0830;
				LastUpgradeCheck = 0830;
				ORGANIZATIONNAME = "Jimmy Hoang";
				TargetAttributes = {
					FF3AC54C1F0BFED100420CC3 = {
						CreatedOnToolsVersion = 8.3.3;
						DevelopmentTeam = 5GMBY6V284;
						ProvisioningStyle = Automatic;
					};
					FF3AC5621F0BFED100420CC3 = {
						CreatedOnToolsVersion = 8.3.3;
						DevelopmentTeam = 5GMBY6V284;
						ProvisioningStyle = Automatic;
						TestTargetID = FF3AC54C1F0BFED100420CC3;
					};
				};
			};
			buildConfigurationList = FF3AC5481F0BFED100420CC3 /* Build configuration list for PBXProject "StretchMyHeader" */;
			compatibilityVersion = "Xcode 3.2";
			developmentRegion = English;
			hasScannedForEncodings = 0;
			knownRegions = (
				en,
				Base,
			);
			mainGroup = FF3AC5441F0BFED100420CC3;
			productRefGroup = FF3AC54E1F0BFED100420CC3 /* Products */;
			projectDirPath = "";
			projectRoot = "";
			targets = (
				FF3AC54C1F0BFED100420CC3 /* StretchMyHeader */,
				FF3AC5621F0BFED100420CC3 /* StretchMyHeaderTests */,
			);
		};
/* End PBXProject section */

/* Begin PBXResourcesBuildPhase section */
		FF3AC54B1F0BFED100420CC3 /* Resources */ = {
			isa = PBXResourcesBuildPhase;
			buildActionMask = 2147483647;
			files = (
				FF3AC55D1F0BFED100420CC3 /* LaunchScreen.storyboard in Resources */,
				FF3AC55A1F0BFED100420CC3 /* Assets.xcassets in Resources */,
				FF3AC5581F0BFED100420CC3 /* Main.storyboard in Resources */,
			);
			runOnlyForDeploymentPostprocessing = 0;
		};
		FF3AC5611F0BFED100420CC3 /* Resources */ = {
			isa = PBXResourcesBuildPhase;
			buildActionMask = 2147483647;
			files = (
			);
			runOnlyForDeploymentPostprocessing = 0;
		};
/* End PBXResourcesBuildPhase section */

/* Begin PBXSourcesBuildPhase section */
		FF3AC5491F0BFED100420CC3 /* Sources */ = {
			isa = PBXSourcesBuildPhase;
			buildActionMask = 2147483647;
			files = (
				FF3AC5551F0BFED100420CC3 /* DetailViewController.swift in Sources */,
				FF3AC5531F0BFED100420CC3 /* MasterViewController.swift in Sources */,
				FF3AC5511F0BFED100420CC3 /* AppDelegate.swift in Sources */,
			);
			runOnlyForDeploymentPostprocessing = 0;
		};
		FF3AC55F1F0BFED100420CC3 /* Sources */ = {
			isa = PBXSourcesBuildPhase;
			buildActionMask = 2147483647;
			files = (
				FF3AC5681F0BFED100420CC3 /* StretchMyHeaderTests.swift in Sources */,
			);
			runOnlyForDeploymentPostprocessing = 0;
		};
/* End PBXSourcesBuildPhase section */

/* Begin PBXTargetDependency section */
		FF3AC5651F0BFED100420CC3 /* PBXTargetDependency */ = {
			isa = PBXTargetDependency;
			target = FF3AC54C1F0BFED100420CC3 /* StretchMyHeader */;
			targetProxy = FF3AC5641F0BFED100420CC3 /* PBXContainerItemProxy */;
		};
/* End PBXTargetDependency section */

/* Begin PBXVariantGroup section */
		FF3AC5561F0BFED100420CC3 /* Main.storyboard */ = {
			isa = PBXVariantGroup;
			children = (
				FF3AC5571F0BFED100420CC3 /* Base */,
			);
			name = Main.storyboard;
			sourceTree = "<group>";
		};
		FF3AC55B1F0BFED100420CC3 /* LaunchScreen.storyboard */ = {
			isa = PBXVariantGroup;
			children = (
				FF3AC55C1F0BFED100420CC3 /* Base */,
			);
			name = LaunchScreen.storyboard;
			sourceTree = "<group>";
		};
/* End PBXVariantGroup section */

/* Begin XCBuildConfiguration section */
		FF3AC56A1F0BFED100420CC3 /* Debug */ = {
			isa = XCBuildConfiguration;
			buildSettings = {
				ALWAYS_SEARCH_USER_PATHS = NO;
				CLANG_ANALYZER_NONNULL = YES;
				CLANG_ANALYZER_NUMBER_OBJECT_CONVERSION = YES_AGGRESSIVE;
				CLANG_CXX_LANGUAGE_STANDARD = "gnu++0x";
				CLANG_CXX_LIBRARY = "libc++";
				CLANG_ENABLE_MODULES = YES;
				CLANG_ENABLE_OBJC_ARC = YES;
				CLANG_WARN_BOOL_CONVERSION = YES;
				CLANG_WARN_CONSTANT_CONVERSION = YES;
				CLANG_WARN_DIRECT_OBJC_ISA_USAGE = YES_ERROR;
				CLANG_WARN_DOCUMENTATION_COMMENTS = YES;
				CLANG_WARN_EMPTY_BODY = YES;
				CLANG_WARN_ENUM_CONVERSION = YES;
				CLANG_WARN_INFINITE_RECURSION = YES;
				CLANG_WARN_INT_CONVERSION = YES;
				CLANG_WARN_OBJC_ROOT_CLASS = YES_ERROR;
				CLANG_WARN_SUSPICIOUS_MOVE = YES;
				CLANG_WARN_UNREACHABLE_CODE = YES;
				CLANG_WARN__DUPLICATE_METHOD_MATCH = YES;
				"CODE_SIGN_IDENTITY[sdk=iphoneos*]" = "iPhone Developer";
				COPY_PHASE_STRIP = NO;
				DEBUG_INFORMATION_FORMAT = dwarf;
				ENABLE_STRICT_OBJC_MSGSEND = YES;
				ENABLE_TESTABILITY = YES;
				GCC_C_LANGUAGE_STANDARD = gnu99;
				GCC_DYNAMIC_NO_PIC = NO;
				GCC_NO_COMMON_BLOCKS = YES;
				GCC_OPTIMIZATION_LEVEL = 0;
				GCC_PREPROCESSOR_DEFINITIONS = (
					"DEBUG=1",
					"$(inherited)",
				);
				GCC_WARN_64_TO_32_BIT_CONVERSION = YES;
				GCC_WARN_ABOUT_RETURN_TYPE = YES_ERROR;
				GCC_WARN_UNDECLARED_SELECTOR = YES;
				GCC_WARN_UNINITIALIZED_AUTOS = YES_AGGRESSIVE;
				GCC_WARN_UNUSED_FUNCTION = YES;
				GCC_WARN_UNUSED_VARIABLE = YES;
				IPHONEOS_DEPLOYMENT_TARGET = 10.3;
				MTL_ENABLE_DEBUG_INFO = YES;
				ONLY_ACTIVE_ARCH = YES;
				SDKROOT = iphoneos;
				SWIFT_ACTIVE_COMPILATION_CONDITIONS = DEBUG;
				SWIFT_OPTIMIZATION_LEVEL = "-Onone";
			};
			name = Debug;
		};
		FF3AC56B1F0BFED100420CC3 /* Release */ = {
			isa = XCBuildConfiguration;
			buildSettings = {
				ALWAYS_SEARCH_USER_PATHS = NO;
				CLANG_ANALYZER_NONNULL = YES;
				CLANG_ANALYZER_NUMBER_OBJECT_CONVERSION = YES_AGGRESSIVE;
				CLANG_CXX_LANGUAGE_STANDARD = "gnu++0x";
				CLANG_CXX_LIBRARY = "libc++";
				CLANG_ENABLE_MODULES = YES;
				CLANG_ENABLE_OBJC_ARC = YES;
				CLANG_WARN_BOOL_CONVERSION = YES;
				CLANG_WARN_CONSTANT_CONVERSION = YES;
				CLANG_WARN_DIRECT_OBJC_ISA_USAGE = YES_ERROR;
				CLANG_WARN_DOCUMENTATION_COMMENTS = YES;
				CLANG_WARN_EMPTY_BODY = YES;
				CLANG_WARN_ENUM_CONVERSION = YES;
				CLANG_WARN_INFINITE_RECURSION = YES;
				CLANG_WARN_INT_CONVERSION = YES;
				CLANG_WARN_OBJC_ROOT_CLASS = YES_ERROR;
				CLANG_WARN_SUSPICIOUS_MOVE = YES;
				CLANG_WARN_UNREACHABLE_CODE = YES;
				CLANG_WARN__DUPLICATE_METHOD_MATCH = YES;
				"CODE_SIGN_IDENTITY[sdk=iphoneos*]" = "iPhone Developer";
				COPY_PHASE_STRIP = NO;
				DEBUG_INFORMATION_FORMAT = "dwarf-with-dsym";
				ENABLE_NS_ASSERTIONS = NO;
				ENABLE_STRICT_OBJC_MSGSEND = YES;
				GCC_C_LANGUAGE_STANDARD = gnu99;
				GCC_NO_COMMON_BLOCKS = YES;
				GCC_WARN_64_TO_32_BIT_CONVERSION = YES;
				GCC_WARN_ABOUT_RETURN_TYPE = YES_ERROR;
				GCC_WARN_UNDECLARED_SELECTOR = YES;
				GCC_WARN_UNINITIALIZED_AUTOS = YES_AGGRESSIVE;
				GCC_WARN_UNUSED_FUNCTION = YES;
				GCC_WARN_UNUSED_VARIABLE = YES;
				IPHONEOS_DEPLOYMENT_TARGET = 10.3;
				MTL_ENABLE_DEBUG_INFO = NO;
				SDKROOT = iphoneos;
				SWIFT_OPTIMIZATION_LEVEL = "-Owholemodule";
				VALIDATE_PRODUCT = YES;
			};
			name = Release;
		};
		FF3AC56D1F0BFED100420CC3 /* Debug */ = {
			isa = XCBuildConfiguration;
			buildSettings = {
				ASSETCATALOG_COMPILER_APPICON_NAME = AppIcon;
				DEVELOPMENT_TEAM = 5GMBY6V284;
				INFOPLIST_FILE = StretchMyHeader/Info.plist;
				LD_RUNPATH_SEARCH_PATHS = "$(inherited) @executable_path/Frameworks";
				PRODUCT_BUNDLE_IDENTIFIER = com.JimmyHoang.StretchMyHeader;
				PRODUCT_NAME = "$(TARGET_NAME)";
				SWIFT_VERSION = 3.0;
			};
			name = Debug;
		};
		FF3AC56E1F0BFED100420CC3 /* Release */ = {
			isa = XCBuildConfiguration;
			buildSettings = {
				ASSETCATALOG_COMPILER_APPICON_NAME = AppIcon;
				DEVELOPMENT_TEAM = 5GMBY6V284;
				INFOPLIST_FILE = StretchMyHeader/Info.plist;
				LD_RUNPATH_SEARCH_PATHS = "$(inherited) @executable_path/Frameworks";
				PRODUCT_BUNDLE_IDENTIFIER = com.JimmyHoang.StretchMyHeader;
				PRODUCT_NAME = "$(TARGET_NAME)";
				SWIFT_VERSION = 3.0;
			};
			name = Release;
		};
		FF3AC5701F0BFED100420CC3 /* Debug */ = {
			isa = XCBuildConfiguration;
			buildSettings = {
				ALWAYS_EMBED_SWIFT_STANDARD_LIBRARIES = YES;
				BUNDLE_LOADER = "$(TEST_HOST)";
				DEVELOPMENT_TEAM = 5GMBY6V284;
				INFOPLIST_FILE = StretchMyHeaderTests/Info.plist;
				LD_RUNPATH_SEARCH_PATHS = "$(inherited) @executable_path/Frameworks @loader_path/Frameworks";
				PRODUCT_BUNDLE_IDENTIFIER = com.JimmyHoang.StretchMyHeaderTests;
				PRODUCT_NAME = "$(TARGET_NAME)";
				SWIFT_VERSION = 3.0;
				TEST_HOST = "$(BUILT_PRODUCTS_DIR)/StretchMyHeader.app/StretchMyHeader";
			};
			name = Debug;
		};
		FF3AC5711F0BFED100420CC3 /* Release */ = {
			isa = XCBuildConfiguration;
			buildSettings = {
				ALWAYS_EMBED_SWIFT_STANDARD_LIBRARIES = YES;
				BUNDLE_LOADER = "$(TEST_HOST)";
				DEVELOPMENT_TEAM = 5GMBY6V284;
				INFOPLIST_FILE = StretchMyHeaderTests/Info.plist;
				LD_RUNPATH_SEARCH_PATHS = "$(inherited) @executable_path/Frameworks @loader_path/Frameworks";
				PRODUCT_BUNDLE_IDENTIFIER = com.JimmyHoang.StretchMyHeaderTests;
				PRODUCT_NAME = "$(TARGET_NAME)";
				SWIFT_VERSION = 3.0;
				TEST_HOST = "$(BUILT_PRODUCTS_DIR)/StretchMyHeader.app/StretchMyHeader";
			};
			name = Release;
		};
/* End XCBuildConfiguration section */

/* Begin XCConfigurationList section */
		FF3AC5481F0BFED100420CC3 /* Build configuration list for PBXProject "StretchMyHeader" */ = {
			isa = XCConfigurationList;
			buildConfigurations = (
				FF3AC56A1F0BFED100420CC3 /* Debug */,
				FF3AC56B1F0BFED100420CC3 /* Release */,
			);
			defaultConfigurationIsVisible = 0;
			defaultConfigurationName = Release;
		};
		FF3AC56C1F0BFED100420CC3 /* Build configuration list for PBXNativeTarget "StretchMyHeader" */ = {
			isa = XCConfigurationList;
			buildConfigurations = (
				FF3AC56D1F0BFED100420CC3 /* Debug */,
				FF3AC56E1F0BFED100420CC3 /* Release */,
			);
			defaultConfigurationIsVisible = 0;
		};
		FF3AC56F1F0BFED100420CC3 /* Build configuration list for PBXNativeTarget "StretchMyHeaderTests" */ = {
			isa = XCConfigurationList;
			buildConfigurations = (
				FF3AC5701F0BFED100420CC3 /* Debug */,
				FF3AC5711F0BFED100420CC3 /* Release */,
			);
			defaultConfigurationIsVisible = 0;
		};
/* End XCConfigurationList section */
	};
	rootObject = FF3AC5451F0BFED100420CC3 /* Project object */;
}
